
Microsoft Visual Studio Solution File, Format Version 12.00
# Visual Studio Version 17
VisualStudioVersion = 17.14.36518.9 d17.14
MinimumVisualStudioVersion = 10.0.40219.1
Project("{FAE04EC0-301F-11D3-BF4B-00C04F79EFBC}") = "Main", "Main\Main.csproj", "{3F74B679-96E9-4A24-BECD-C6B2B19C240C}"
EndProject
Global
	GlobalSection(SolutionConfigurationPlatforms) = preSolution
		Debug|Any CPU = Debug|Any CPU
		Release|Any CPU = Release|Any CPU
	EndGlobalSection
	GlobalSection(ProjectConfigurationPlatforms) = postSolution
		{3F74B679-96E9-4A24-BECD-C6B2B19C240C}.Debug|Any CPU.ActiveCfg = Debug|Any CPU
		{3F74B679-96E9-4A24-BECD-C6B2B19C240C}.Debug|Any CPU.Build.0 = Debug|Any CPU
		{3F74B679-96E9-4A24-BECD-C6B2B19C240C}.Release|Any CPU.ActiveCfg = Release|Any CPU
		{3F74B679-96E9-4A24-BECD-C6B2B19C240C}.Release|Any CPU.Build.0 = Release|Any CPU
	EndGlobalSection
	GlobalSection(SolutionProperties) = preSolution
		HideSolutionNode = FALSE
	EndGlobalSection
	GlobalSection(ExtensibilityGlobals) = postSolution
		SolutionGuid = {BD78B8BC-C328-40EB-B84E-8BA4BF39602E}
	EndGlobalSection
EndGlobal
