
Microsoft Visual Studio Solution File, Format Version 12.00
# Visual Studio Version 17
<<<<<<<< HEAD:TestDauVao.sln
VisualStudioVersion = 17.14.36511.14
MinimumVisualStudioVersion = 10.0.40219.1
Project("{FAE04EC0-301F-11D3-BF4B-00C04F79EFBC}") = "TestDauVao", "TestDauVao.csproj", "{3CED5B51-FDB4-414F-9124-EAEF31AB06A5}"
========
VisualStudioVersion = 17.14.36518.9 d17.14
MinimumVisualStudioVersion = 10.0.40219.1
Project("{FAE04EC0-301F-11D3-BF4B-00C04F79EFBC}") = "Main", "Main\Main.csproj", "{3F74B679-96E9-4A24-BECD-C6B2B19C240C}"
>>>>>>>> origin/trungdev:giaodien/apptoeic.sln
EndProject
Global
	GlobalSection(SolutionConfigurationPlatforms) = preSolution
		Debug|Any CPU = Debug|Any CPU
		Release|Any CPU = Release|Any CPU
	EndGlobalSection
	GlobalSection(ProjectConfigurationPlatforms) = postSolution
<<<<<<<< HEAD:TestDauVao.sln
		{3CED5B51-FDB4-414F-9124-EAEF31AB06A5}.Debug|Any CPU.ActiveCfg = Debug|Any CPU
		{3CED5B51-FDB4-414F-9124-EAEF31AB06A5}.Debug|Any CPU.Build.0 = Debug|Any CPU
		{3CED5B51-FDB4-414F-9124-EAEF31AB06A5}.Release|Any CPU.ActiveCfg = Release|Any CPU
		{3CED5B51-FDB4-414F-9124-EAEF31AB06A5}.Release|Any CPU.Build.0 = Release|Any CPU
========
		{3F74B679-96E9-4A24-BECD-C6B2B19C240C}.Debug|Any CPU.ActiveCfg = Debug|Any CPU
		{3F74B679-96E9-4A24-BECD-C6B2B19C240C}.Debug|Any CPU.Build.0 = Debug|Any CPU
		{3F74B679-96E9-4A24-BECD-C6B2B19C240C}.Release|Any CPU.ActiveCfg = Release|Any CPU
		{3F74B679-96E9-4A24-BECD-C6B2B19C240C}.Release|Any CPU.Build.0 = Release|Any CPU
>>>>>>>> origin/trungdev:giaodien/apptoeic.sln
	EndGlobalSection
	GlobalSection(SolutionProperties) = preSolution
		HideSolutionNode = FALSE
	EndGlobalSection
	GlobalSection(ExtensibilityGlobals) = postSolution
<<<<<<<< HEAD:TestDauVao.sln
		SolutionGuid = {43A2F0FC-AAE9-4CE6-9506-0A54EDE98719}
========
		SolutionGuid = {BD78B8BC-C328-40EB-B84E-8BA4BF39602E}
>>>>>>>> origin/trungdev:giaodien/apptoeic.sln
	EndGlobalSection
EndGlobal
